
Microsoft Visual Studio Solution File, Format Version 12.00
# Visual Studio Version 17
VisualStudioVersion = 17.13.35825.156 d17.13
MinimumVisualStudioVersion = 10.0.40219.1
Project("{FAE04EC0-301F-11D3-BF4B-00C04F79EFBC}") = "Construtores de String UI", "Construtores de String UI\Construtores de String UI.csproj", "{A07B3B7A-4019-4095-9CA9-59D4A61547DE}"
EndProject
Global
	GlobalSection(SolutionConfigurationPlatforms) = preSolution
		Debug|Any CPU = Debug|Any CPU
		Release|Any CPU = Release|Any CPU
	EndGlobalSection
	GlobalSection(ProjectConfigurationPlatforms) = postSolution
		{A07B3B7A-4019-4095-9CA9-59D4A61547DE}.Debug|Any CPU.ActiveCfg = Debug|Any CPU
		{A07B3B7A-4019-4095-9CA9-59D4A61547DE}.Debug|Any CPU.Build.0 = Debug|Any CPU
		{A07B3B7A-4019-4095-9CA9-59D4A61547DE}.Release|Any CPU.ActiveCfg = Release|Any CPU
		{A07B3B7A-4019-4095-9CA9-59D4A61547DE}.Release|Any CPU.Build.0 = Release|Any CPU
	EndGlobalSection
	GlobalSection(SolutionProperties) = preSolution
		HideSolutionNode = FALSE
	EndGlobalSection
	GlobalSection(ExtensibilityGlobals) = postSolution
		SolutionGuid = {4314D2CF-8A1A-451E-AB62-8874A62DE173}
	EndGlobalSection
EndGlobal
