
Microsoft Visual Studio Solution File, Format Version 12.00
# Visual Studio Version 17
VisualStudioVersion = 17.12.35527.113 d17.12
MinimumVisualStudioVersion = 10.0.40219.1
Project("{FAE04EC0-301F-11D3-BF4B-00C04F79EFBC}") = "Sobre_Carga", "Sobre_Carga.csproj", "{6CCB11B6-4DD4-46F9-A795-3FE9B594FD0A}"
EndProject
Global
	GlobalSection(SolutionConfigurationPlatforms) = preSolution
		Debug|Any CPU = Debug|Any CPU
		Release|Any CPU = Release|Any CPU
	EndGlobalSection
	GlobalSection(ProjectConfigurationPlatforms) = postSolution
		{6CCB11B6-4DD4-46F9-A795-3FE9B594FD0A}.Debug|Any CPU.ActiveCfg = Debug|Any CPU
		{6CCB11B6-4DD4-46F9-A795-3FE9B594FD0A}.Debug|Any CPU.Build.0 = Debug|Any CPU
		{6CCB11B6-4DD4-46F9-A795-3FE9B594FD0A}.Release|Any CPU.ActiveCfg = Release|Any CPU
		{6CCB11B6-4DD4-46F9-A795-3FE9B594FD0A}.Release|Any CPU.Build.0 = Release|Any CPU
	EndGlobalSection
	GlobalSection(SolutionProperties) = preSolution
		HideSolutionNode = FALSE
	EndGlobalSection
EndGlobal
