
Microsoft Visual Studio Solution File, Format Version 12.00
# Visual Studio Version 17
VisualStudioVersion = 17.12.35527.113 d17.12
MinimumVisualStudioVersion = 10.0.40219.1
Project("{FAE04EC0-301F-11D3-BF4B-00C04F79EFBC}") = "Gerador_de_numeros_aleatorios", "Gerador_de_numeros_aleatorios.csproj", "{A8522A55-A9C6-47B7-A471-DB14D71E771E}"
EndProject
Global
	GlobalSection(SolutionConfigurationPlatforms) = preSolution
		Debug|Any CPU = Debug|Any CPU
		Release|Any CPU = Release|Any CPU
	EndGlobalSection
	GlobalSection(ProjectConfigurationPlatforms) = postSolution
		{A8522A55-A9C6-47B7-A471-DB14D71E771E}.Debug|Any CPU.ActiveCfg = Debug|Any CPU
		{A8522A55-A9C6-47B7-A471-DB14D71E771E}.Debug|Any CPU.Build.0 = Debug|Any CPU
		{A8522A55-A9C6-47B7-A471-DB14D71E771E}.Release|Any CPU.ActiveCfg = Release|Any CPU
		{A8522A55-A9C6-47B7-A471-DB14D71E771E}.Release|Any CPU.Build.0 = Release|Any CPU
	EndGlobalSection
	GlobalSection(SolutionProperties) = preSolution
		HideSolutionNode = FALSE
	EndGlobalSection
EndGlobal
